// !$*UTF8*$!
{
	archiveVersion = 1;
	classes = {
	};
	objectVersion = 56;
	objects = {

/* Begin PBXBuildFile section */
		791FA0C02B527F6500F9E977 /* AppDelegate.swift in Sources */ = {isa = PBXBuildFile; fileRef = 791FA0BF2B527F6500F9E977 /* AppDelegate.swift */; };
		791FA0C22B527F6500F9E977 /* SceneDelegate.swift in Sources */ = {isa = PBXBuildFile; fileRef = 791FA0C12B527F6500F9E977 /* SceneDelegate.swift */; };
		791FA0C42B527F6500F9E977 /* ViewController.swift in Sources */ = {isa = PBXBuildFile; fileRef = 791FA0C32B527F6500F9E977 /* ViewController.swift */; };
		791FA0C72B527F6500F9E977 /* Main.storyboard in Resources */ = {isa = PBXBuildFile; fileRef = 791FA0C52B527F6500F9E977 /* Main.storyboard */; };
		791FA0CA2B527F6500F9E977 /* curs13ianuarie_coredata.xcdatamodeld in Sources */ = {isa = PBXBuildFile; fileRef = 791FA0C82B527F6500F9E977 /* curs13ianuarie_coredata.xcdatamodeld */; };
		791FA0CC2B527F6600F9E977 /* Assets.xcassets in Resources */ = {isa = PBXBuildFile; fileRef = 791FA0CB2B527F6600F9E977 /* Assets.xcassets */; };
		791FA0CF2B527F6600F9E977 /* LaunchScreen.storyboard in Resources */ = {isa = PBXBuildFile; fileRef = 791FA0CD2B527F6600F9E977 /* LaunchScreen.storyboard */; };
		791FA0D72B527FC800F9E977 /* Person.swift in Sources */ = {isa = PBXBuildFile; fileRef = 791FA0D62B527FC800F9E977 /* Person.swift */; };
		791FA0D92B5281CE00F9E977 /* CoreDataManager.swift in Sources */ = {isa = PBXBuildFile; fileRef = 791FA0D82B5281CE00F9E977 /* CoreDataManager.swift */; };
		791FA0DE2B52909000F9E977 /* ViewModel.swift in Sources */ = {isa = PBXBuildFile; fileRef = 791FA0DD2B52909000F9E977 /* ViewModel.swift */; };
/* End PBXBuildFile section */

/* Begin PBXFileReference section */
		791FA0BC2B527F6500F9E977 /* curs13ianuarie_coredata.app */ = {isa = PBXFileReference; explicitFileType = wrapper.application; includeInIndex = 0; path = curs13ianuarie_coredata.app; sourceTree = BUILT_PRODUCTS_DIR; };
		791FA0BF2B527F6500F9E977 /* AppDelegate.swift */ = {isa = PBXFileReference; lastKnownFileType = sourcecode.swift; path = AppDelegate.swift; sourceTree = "<group>"; };
		791FA0C12B527F6500F9E977 /* SceneDelegate.swift */ = {isa = PBXFileReference; lastKnownFileType = sourcecode.swift; path = SceneDelegate.swift; sourceTree = "<group>"; };
		791FA0C32B527F6500F9E977 /* ViewController.swift */ = {isa = PBXFileReference; lastKnownFileType = sourcecode.swift; path = ViewController.swift; sourceTree = "<group>"; };
		791FA0C62B527F6500F9E977 /* Base */ = {isa = PBXFileReference; lastKnownFileType = file.storyboard; name = Base; path = Base.lproj/Main.storyboard; sourceTree = "<group>"; };
		791FA0C92B527F6500F9E977 /* curs13ianuarie_coredata.xcdatamodel */ = {isa = PBXFileReference; lastKnownFileType = wrapper.xcdatamodel; path = curs13ianuarie_coredata.xcdatamodel; sourceTree = "<group>"; };
		791FA0CB2B527F6600F9E977 /* Assets.xcassets */ = {isa = PBXFileReference; lastKnownFileType = folder.assetcatalog; path = Assets.xcassets; sourceTree = "<group>"; };
		791FA0CE2B527F6600F9E977 /* Base */ = {isa = PBXFileReference; lastKnownFileType = file.storyboard; name = Base; path = Base.lproj/LaunchScreen.storyboard; sourceTree = "<group>"; };
		791FA0D02B527F6600F9E977 /* Info.plist */ = {isa = PBXFileReference; lastKnownFileType = text.plist.xml; path = Info.plist; sourceTree = "<group>"; };
		791FA0D62B527FC800F9E977 /* Person.swift */ = {isa = PBXFileReference; lastKnownFileType = sourcecode.swift; path = Person.swift; sourceTree = "<group>"; };
		791FA0D82B5281CE00F9E977 /* CoreDataManager.swift */ = {isa = PBXFileReference; lastKnownFileType = sourcecode.swift; path = CoreDataManager.swift; sourceTree = "<group>"; };
		791FA0DD2B52909000F9E977 /* ViewModel.swift */ = {isa = PBXFileReference; lastKnownFileType = sourcecode.swift; path = ViewModel.swift; sourceTree = "<group>"; };
/* End PBXFileReference section */

/* Begin PBXFrameworksBuildPhase section */
		791FA0B92B527F6500F9E977 /* Frameworks */ = {
			isa = PBXFrameworksBuildPhase;
			buildActionMask = 2147483647;
			files = (
			);
			runOnlyForDeploymentPostprocessing = 0;
		};
/* End PBXFrameworksBuildPhase section */

/* Begin PBXGroup section */
		791FA0B32B527F6500F9E977 = {
			isa = PBXGroup;
			children = (
				791FA0BE2B527F6500F9E977 /* curs13ianuarie_coredata */,
				791FA0BD2B527F6500F9E977 /* Products */,
			);
			sourceTree = "<group>";
		};
		791FA0BD2B527F6500F9E977 /* Products */ = {
			isa = PBXGroup;
			children = (
				791FA0BC2B527F6500F9E977 /* curs13ianuarie_coredata.app */,
			);
			name = Products;
			sourceTree = "<group>";
		};
		791FA0BE2B527F6500F9E977 /* curs13ianuarie_coredata */ = {
			isa = PBXGroup;
			children = (
				791FA0BF2B527F6500F9E977 /* AppDelegate.swift */,
				791FA0C12B527F6500F9E977 /* SceneDelegate.swift */,
				791FA0CB2B527F6600F9E977 /* Assets.xcassets */,
				791FA0CD2B527F6600F9E977 /* LaunchScreen.storyboard */,
				791FA0D02B527F6600F9E977 /* Info.plist */,
				791FA0DC2B52905600F9E977 /* ViewModel */,
				791FA0DA2B52904800F9E977 /* Model */,
				791FA0DB2B52905200F9E977 /* View */,
			);
			path = curs13ianuarie_coredata;
			sourceTree = "<group>";
		};
		791FA0DA2B52904800F9E977 /* Model */ = {
			isa = PBXGroup;
			children = (
				791FA0C82B527F6500F9E977 /* curs13ianuarie_coredata.xcdatamodeld */,
				791FA0D82B5281CE00F9E977 /* CoreDataManager.swift */,
				791FA0D62B527FC800F9E977 /* Person.swift */,
			);
			path = Model;
			sourceTree = "<group>";
		};
		791FA0DB2B52905200F9E977 /* View */ = {
			isa = PBXGroup;
			children = (
				791FA0C32B527F6500F9E977 /* ViewController.swift */,
				791FA0C52B527F6500F9E977 /* Main.storyboard */,
			);
			path = View;
			sourceTree = "<group>";
		};
		791FA0DC2B52905600F9E977 /* ViewModel */ = {
			isa = PBXGroup;
			children = (
				791FA0DD2B52909000F9E977 /* ViewModel.swift */,
			);
			path = ViewModel;
			sourceTree = "<group>";
		};
/* End PBXGroup section */

/* Begin PBXNativeTarget section */
		791FA0BB2B527F6500F9E977 /* curs13ianuarie_coredata */ = {
			isa = PBXNativeTarget;
			buildConfigurationList = 791FA0D32B527F6600F9E977 /* Build configuration list for PBXNativeTarget "curs13ianuarie_coredata" */;
			buildPhases = (
				791FA0B82B527F6500F9E977 /* Sources */,
				791FA0B92B527F6500F9E977 /* Frameworks */,
				791FA0BA2B527F6500F9E977 /* Resources */,
			);
			buildRules = (
			);
			dependencies = (
			);
			name = curs13ianuarie_coredata;
			productName = curs13ianuarie_coredata;
			productReference = 791FA0BC2B527F6500F9E977 /* curs13ianuarie_coredata.app */;
			productType = "com.apple.product-type.application";
		};
/* End PBXNativeTarget section */

/* Begin PBXProject section */
		791FA0B42B527F6500F9E977 /* Project object */ = {
			isa = PBXProject;
			attributes = {
				BuildIndependentTargetsInParallel = 1;
				LastSwiftUpdateCheck = 1500;
				LastUpgradeCheck = 1500;
				TargetAttributes = {
					791FA0BB2B527F6500F9E977 = {
						CreatedOnToolsVersion = 15.0.1;
					};
				};
			};
			buildConfigurationList = 791FA0B72B527F6500F9E977 /* Build configuration list for PBXProject "curs13ianuarie_coredata" */;
			compatibilityVersion = "Xcode 14.0";
			developmentRegion = en;
			hasScannedForEncodings = 0;
			knownRegions = (
				en,
				Base,
			);
			mainGroup = 791FA0B32B527F6500F9E977;
			productRefGroup = 791FA0BD2B527F6500F9E977 /* Products */;
			projectDirPath = "";
			projectRoot = "";
			targets = (
				791FA0BB2B527F6500F9E977 /* curs13ianuarie_coredata */,
			);
		};
/* End PBXProject section */

/* Begin PBXResourcesBuildPhase section */
		791FA0BA2B527F6500F9E977 /* Resources */ = {
			isa = PBXResourcesBuildPhase;
			buildActionMask = 2147483647;
			files = (
				791FA0CF2B527F6600F9E977 /* LaunchScreen.storyboard in Resources */,
				791FA0CC2B527F6600F9E977 /* Assets.xcassets in Resources */,
				791FA0C72B527F6500F9E977 /* Main.storyboard in Resources */,
			);
			runOnlyForDeploymentPostprocessing = 0;
		};
/* End PBXResourcesBuildPhase section */

/* Begin PBXSourcesBuildPhase section */
		791FA0B82B527F6500F9E977 /* Sources */ = {
			isa = PBXSourcesBuildPhase;
			buildActionMask = 2147483647;
			files = (
				791FA0D92B5281CE00F9E977 /* CoreDataManager.swift in Sources */,
				791FA0D72B527FC800F9E977 /* Person.swift in Sources */,
				791FA0C42B527F6500F9E977 /* ViewController.swift in Sources */,
				791FA0CA2B527F6500F9E977 /* curs13ianuarie_coredata.xcdatamodeld in Sources */,
				791FA0C02B527F6500F9E977 /* AppDelegate.swift in Sources */,
				791FA0C22B527F6500F9E977 /* SceneDelegate.swift in Sources */,
				791FA0DE2B52909000F9E977 /* ViewModel.swift in Sources */,
			);
			runOnlyForDeploymentPostprocessing = 0;
		};
/* End PBXSourcesBuildPhase section */

/* Begin PBXVariantGroup section */
		791FA0C52B527F6500F9E977 /* Main.storyboard */ = {
			isa = PBXVariantGroup;
			children = (
				791FA0C62B527F6500F9E977 /* Base */,
			);
			name = Main.storyboard;
			sourceTree = "<group>";
		};
		791FA0CD2B527F6600F9E977 /* LaunchScreen.storyboard */ = {
			isa = PBXVariantGroup;
			children = (
				791FA0CE2B527F6600F9E977 /* Base */,
			);
			name = LaunchScreen.storyboard;
			sourceTree = "<group>";
		};
/* End PBXVariantGroup section */

/* Begin XCBuildConfiguration section */
		791FA0D12B527F6600F9E977 /* Debug */ = {
			isa = XCBuildConfiguration;
			buildSettings = {
				ALWAYS_SEARCH_USER_PATHS = NO;
				ASSETCATALOG_COMPILER_GENERATE_SWIFT_ASSET_SYMBOL_EXTENSIONS = YES;
				CLANG_ANALYZER_NONNULL = YES;
				CLANG_ANALYZER_NUMBER_OBJECT_CONVERSION = YES_AGGRESSIVE;
				CLANG_CXX_LANGUAGE_STANDARD = "gnu++20";
				CLANG_ENABLE_MODULES = YES;
				CLANG_ENABLE_OBJC_ARC = YES;
				CLANG_ENABLE_OBJC_WEAK = YES;
				CLANG_WARN_BLOCK_CAPTURE_AUTORELEASING = YES;
				CLANG_WARN_BOOL_CONVERSION = YES;
				CLANG_WARN_COMMA = YES;
				CLANG_WARN_CONSTANT_CONVERSION = YES;
				CLANG_WARN_DEPRECATED_OBJC_IMPLEMENTATIONS = YES;
				CLANG_WARN_DIRECT_OBJC_ISA_USAGE = YES_ERROR;
				CLANG_WARN_DOCUMENTATION_COMMENTS = YES;
				CLANG_WARN_EMPTY_BODY = YES;
				CLANG_WARN_ENUM_CONVERSION = YES;
				CLANG_WARN_INFINITE_RECURSION = YES;
				CLANG_WARN_INT_CONVERSION = YES;
				CLANG_WARN_NON_LITERAL_NULL_CONVERSION = YES;
				CLANG_WARN_OBJC_IMPLICIT_RETAIN_SELF = YES;
				CLANG_WARN_OBJC_LITERAL_CONVERSION = YES;
				CLANG_WARN_OBJC_ROOT_CLASS = YES_ERROR;
				CLANG_WARN_QUOTED_INCLUDE_IN_FRAMEWORK_HEADER = YES;
				CLANG_WARN_RANGE_LOOP_ANALYSIS = YES;
				CLANG_WARN_STRICT_PROTOTYPES = YES;
				CLANG_WARN_SUSPICIOUS_MOVE = YES;
				CLANG_WARN_UNGUARDED_AVAILABILITY = YES_AGGRESSIVE;
				CLANG_WARN_UNREACHABLE_CODE = YES;
				CLANG_WARN__DUPLICATE_METHOD_MATCH = YES;
				COPY_PHASE_STRIP = NO;
				DEBUG_INFORMATION_FORMAT = dwarf;
				ENABLE_STRICT_OBJC_MSGSEND = YES;
				ENABLE_TESTABILITY = YES;
				ENABLE_USER_SCRIPT_SANDBOXING = YES;
				GCC_C_LANGUAGE_STANDARD = gnu17;
				GCC_DYNAMIC_NO_PIC = NO;
				GCC_NO_COMMON_BLOCKS = YES;
				GCC_OPTIMIZATION_LEVEL = 0;
				GCC_PREPROCESSOR_DEFINITIONS = (
					"DEBUG=1",
					"$(inherited)",
				);
				GCC_WARN_64_TO_32_BIT_CONVERSION = YES;
				GCC_WARN_ABOUT_RETURN_TYPE = YES_ERROR;
				GCC_WARN_UNDECLARED_SELECTOR = YES;
				GCC_WARN_UNINITIALIZED_AUTOS = YES_AGGRESSIVE;
				GCC_WARN_UNUSED_FUNCTION = YES;
				GCC_WARN_UNUSED_VARIABLE = YES;
				IPHONEOS_DEPLOYMENT_TARGET = 17.0;
				LOCALIZATION_PREFERS_STRING_CATALOGS = YES;
				MTL_ENABLE_DEBUG_INFO = INCLUDE_SOURCE;
				MTL_FAST_MATH = YES;
				ONLY_ACTIVE_ARCH = YES;
				SDKROOT = iphoneos;
				SWIFT_ACTIVE_COMPILATION_CONDITIONS = "DEBUG $(inherited)";
				SWIFT_OPTIMIZATION_LEVEL = "-Onone";
			};
			name = Debug;
		};
		791FA0D22B527F6600F9E977 /* Release */ = {
			isa = XCBuildConfiguration;
			buildSettings = {
				ALWAYS_SEARCH_USER_PATHS = NO;
				ASSETCATALOG_COMPILER_GENERATE_SWIFT_ASSET_SYMBOL_EXTENSIONS = YES;
				CLANG_ANALYZER_NONNULL = YES;
				CLANG_ANALYZER_NUMBER_OBJECT_CONVERSION = YES_AGGRESSIVE;
				CLANG_CXX_LANGUAGE_STANDARD = "gnu++20";
				CLANG_ENABLE_MODULES = YES;
				CLANG_ENABLE_OBJC_ARC = YES;
				CLANG_ENABLE_OBJC_WEAK = YES;
				CLANG_WARN_BLOCK_CAPTURE_AUTORELEASING = YES;
				CLANG_WARN_BOOL_CONVERSION = YES;
				CLANG_WARN_COMMA = YES;
				CLANG_WARN_CONSTANT_CONVERSION = YES;
				CLANG_WARN_DEPRECATED_OBJC_IMPLEMENTATIONS = YES;
				CLANG_WARN_DIRECT_OBJC_ISA_USAGE = YES_ERROR;
				CLANG_WARN_DOCUMENTATION_COMMENTS = YES;
				CLANG_WARN_EMPTY_BODY = YES;
				CLANG_WARN_ENUM_CONVERSION = YES;
				CLANG_WARN_INFINITE_RECURSION = YES;
				CLANG_WARN_INT_CONVERSION = YES;
				CLANG_WARN_NON_LITERAL_NULL_CONVERSION = YES;
				CLANG_WARN_OBJC_IMPLICIT_RETAIN_SELF = YES;
				CLANG_WARN_OBJC_LITERAL_CONVERSION = YES;
				CLANG_WARN_OBJC_ROOT_CLASS = YES_ERROR;
				CLANG_WARN_QUOTED_INCLUDE_IN_FRAMEWORK_HEADER = YES;
				CLANG_WARN_RANGE_LOOP_ANALYSIS = YES;
				CLANG_WARN_STRICT_PROTOTYPES = YES;
				CLANG_WARN_SUSPICIOUS_MOVE = YES;
				CLANG_WARN_UNGUARDED_AVAILABILITY = YES_AGGRESSIVE;
				CLANG_WARN_UNREACHABLE_CODE = YES;
				CLANG_WARN__DUPLICATE_METHOD_MATCH = YES;
				COPY_PHASE_STRIP = NO;
				DEBUG_INFORMATION_FORMAT = "dwarf-with-dsym";
				ENABLE_NS_ASSERTIONS = NO;
				ENABLE_STRICT_OBJC_MSGSEND = YES;
				ENABLE_USER_SCRIPT_SANDBOXING = YES;
				GCC_C_LANGUAGE_STANDARD = gnu17;
				GCC_NO_COMMON_BLOCKS = YES;
				GCC_WARN_64_TO_32_BIT_CONVERSION = YES;
				GCC_WARN_ABOUT_RETURN_TYPE = YES_ERROR;
				GCC_WARN_UNDECLARED_SELECTOR = YES;
				GCC_WARN_UNINITIALIZED_AUTOS = YES_AGGRESSIVE;
				GCC_WARN_UNUSED_FUNCTION = YES;
				GCC_WARN_UNUSED_VARIABLE = YES;
				IPHONEOS_DEPLOYMENT_TARGET = 17.0;
				LOCALIZATION_PREFERS_STRING_CATALOGS = YES;
				MTL_ENABLE_DEBUG_INFO = NO;
				MTL_FAST_MATH = YES;
				SDKROOT = iphoneos;
				SWIFT_COMPILATION_MODE = wholemodule;
				VALIDATE_PRODUCT = YES;
			};
			name = Release;
		};
		791FA0D42B527F6600F9E977 /* Debug */ = {
			isa = XCBuildConfiguration;
			buildSettings = {
				ASSETCATALOG_COMPILER_APPICON_NAME = AppIcon;
				ASSETCATALOG_COMPILER_GLOBAL_ACCENT_COLOR_NAME = AccentColor;
				CODE_SIGN_STYLE = Automatic;
				CURRENT_PROJECT_VERSION = 1;
				DEVELOPMENT_TEAM = 9323W2QLR6;
				GENERATE_INFOPLIST_FILE = YES;
				INFOPLIST_FILE = curs13ianuarie_coredata/Info.plist;
				INFOPLIST_KEY_UIApplicationSupportsIndirectInputEvents = YES;
				INFOPLIST_KEY_UILaunchStoryboardName = LaunchScreen;
				INFOPLIST_KEY_UIMainStoryboardFile = Main;
				INFOPLIST_KEY_UISupportedInterfaceOrientations_iPad = "UIInterfaceOrientationPortrait UIInterfaceOrientationPortraitUpsideDown UIInterfaceOrientationLandscapeLeft UIInterfaceOrientationLandscapeRight";
				INFOPLIST_KEY_UISupportedInterfaceOrientations_iPhone = "UIInterfaceOrientationPortrait UIInterfaceOrientationLandscapeLeft UIInterfaceOrientationLandscapeRight";
				IPHONEOS_DEPLOYMENT_TARGET = 16.2;
				LD_RUNPATH_SEARCH_PATHS = (
					"$(inherited)",
					"@executable_path/Frameworks",
				);
				MARKETING_VERSION = 1.0;
				PRODUCT_BUNDLE_IDENTIFIER = "ro.betfair.curs13ianuarie-coredata";
				PRODUCT_NAME = "$(TARGET_NAME)";
				SWIFT_EMIT_LOC_STRINGS = YES;
				SWIFT_VERSION = 5.0;
				TARGETED_DEVICE_FAMILY = "1,2";
			};
			name = Debug;
		};
		791FA0D52B527F6600F9E977 /* Release */ = {
			isa = XCBuildConfiguration;
			buildSettings = {
				ASSETCATALOG_COMPILER_APPICON_NAME = AppIcon;
				ASSETCATALOG_COMPILER_GLOBAL_ACCENT_COLOR_NAME = AccentColor;
				CODE_SIGN_STYLE = Automatic;
				CURRENT_PROJECT_VERSION = 1;
				DEVELOPMENT_TEAM = 9323W2QLR6;
				GENERATE_INFOPLIST_FILE = YES;
				INFOPLIST_FILE = curs13ianuarie_coredata/Info.plist;
				INFOPLIST_KEY_UIApplicationSupportsIndirectInputEvents = YES;
				INFOPLIST_KEY_UILaunchStoryboardName = LaunchScreen;
				INFOPLIST_KEY_UIMainStoryboardFile = Main;
				INFOPLIST_KEY_UISupportedInterfaceOrientations_iPad = "UIInterfaceOrientationPortrait UIInterfaceOrientationPortraitUpsideDown UIInterfaceOrientationLandscapeLeft UIInterfaceOrientationLandscapeRight";
				INFOPLIST_KEY_UISupportedInterfaceOrientations_iPhone = "UIInterfaceOrientationPortrait UIInterfaceOrientationLandscapeLeft UIInterfaceOrientationLandscapeRight";
				IPHONEOS_DEPLOYMENT_TARGET = 16.2;
				LD_RUNPATH_SEARCH_PATHS = (
					"$(inherited)",
					"@executable_path/Frameworks",
				);
				MARKETING_VERSION = 1.0;
				PRODUCT_BUNDLE_IDENTIFIER = "ro.betfair.curs13ianuarie-coredata";
				PRODUCT_NAME = "$(TARGET_NAME)";
				SWIFT_EMIT_LOC_STRINGS = YES;
				SWIFT_VERSION = 5.0;
				TARGETED_DEVICE_FAMILY = "1,2";
			};
			name = Release;
		};
/* End XCBuildConfiguration section */

/* Begin XCConfigurationList section */
		791FA0B72B527F6500F9E977 /* Build configuration list for PBXProject "curs13ianuarie_coredata" */ = {
			isa = XCConfigurationList;
			buildConfigurations = (
				791FA0D12B527F6600F9E977 /* Debug */,
				791FA0D22B527F6600F9E977 /* Release */,
			);
			defaultConfigurationIsVisible = 0;
			defaultConfigurationName = Release;
		};
		791FA0D32B527F6600F9E977 /* Build configuration list for PBXNativeTarget "curs13ianuarie_coredata" */ = {
			isa = XCConfigurationList;
			buildConfigurations = (
				791FA0D42B527F6600F9E977 /* Debug */,
				791FA0D52B527F6600F9E977 /* Release */,
			);
			defaultConfigurationIsVisible = 0;
			defaultConfigurationName = Release;
		};
/* End XCConfigurationList section */

/* Begin XCVersionGroup section */
		791FA0C82B527F6500F9E977 /* curs13ianuarie_coredata.xcdatamodeld */ = {
			isa = XCVersionGroup;
			children = (
				791FA0C92B527F6500F9E977 /* curs13ianuarie_coredata.xcdatamodel */,
			);
			currentVersion = 791FA0C92B527F6500F9E977 /* curs13ianuarie_coredata.xcdatamodel */;
			path = curs13ianuarie_coredata.xcdatamodeld;
			sourceTree = "<group>";
			versionGroupType = wrapper.xcdatamodel;
		};
/* End XCVersionGroup section */
	};
	rootObject = 791FA0B42B527F6500F9E977 /* Project object */;
}
